
Microsoft Visual Studio Solution File, Format Version 12.00
# Visual Studio Version 16
VisualStudioVersion = 16.0.30611.23
MinimumVisualStudioVersion = 10.0.40219.1
Project("{FAE04EC0-301F-11D3-BF4B-00C04F79EFBC}") = "myfirstwebapi", "myfirstwebapi\myfirstwebapi.csproj", "{717BA179-196D-4B0C-8AAE-1D382A336499}"
EndProject
Global
	GlobalSection(SolutionConfigurationPlatforms) = preSolution
		Debug|Any CPU = Debug|Any CPU
		Release|Any CPU = Release|Any CPU
	EndGlobalSection
	GlobalSection(ProjectConfigurationPlatforms) = postSolution
		{717BA179-196D-4B0C-8AAE-1D382A336499}.Debug|Any CPU.ActiveCfg = Debug|Any CPU
		{717BA179-196D-4B0C-8AAE-1D382A336499}.Debug|Any CPU.Build.0 = Debug|Any CPU
		{717BA179-196D-4B0C-8AAE-1D382A336499}.Release|Any CPU.ActiveCfg = Release|Any CPU
		{717BA179-196D-4B0C-8AAE-1D382A336499}.Release|Any CPU.Build.0 = Release|Any CPU
	EndGlobalSection
	GlobalSection(SolutionProperties) = preSolution
		HideSolutionNode = FALSE
	EndGlobalSection
	GlobalSection(ExtensibilityGlobals) = postSolution
		SolutionGuid = {7E57BFEF-AAEF-449B-81C2-E60C175F82A1}
	EndGlobalSection
EndGlobal
